
Microsoft Visual Studio Solution File, Format Version 12.00
# Visual Studio Version 16
VisualStudioVersion = 16.0.30114.105
MinimumVisualStudioVersion = 10.0.40219.1
Project("{2150E333-8FDC-42A3-9474-1A3956D46DE8}") = "src", "src", "{827E0CD3-B72D-47B6-A68D-7590B98EB39B}"
EndProject
Project("{FAE04EC0-301F-11D3-BF4B-00C04F79EFBC}") = "RubberDev.Api", "src\RubberDev.Api\RubberDev.Api.csproj", "{D7970171-72C1-43C2-BE52-96799C3FB5A1}"
EndProject
Project("{FAE04EC0-301F-11D3-BF4B-00C04F79EFBC}") = "RubberDev.Infrastructure", "src\RubberDev.Infrastructure\RubberDev.Infrastructure.csproj", "{994A0268-8705-483B-B13B-83EE33705F0A}"
EndProject
Project("{FAE04EC0-301F-11D3-BF4B-00C04F79EFBC}") = "RubberDev.Tests", "src\RubberDev.Tests\RubberDev.Tests.csproj", "{01EA9E86-FE30-4A53-8331-1B555F2ED231}"
EndProject
Project("{FAE04EC0-301F-11D3-BF4B-00C04F79EFBC}") = "RubberDev.Application", "src\RubberDev.Application\RubberDev.Application.csproj", "{F82A59D6-56D0-4CDB-97DF-F72D4D4954A9}"
EndProject
Project("{FAE04EC0-301F-11D3-BF4B-00C04F79EFBC}") = "RubberDev.Domain", "src\RubberDev.Domain\RubberDev.Domain.csproj", "{2BBDCEC0-8EC3-4E12-B8BB-C2CD9A9246DE}"
EndProject
Global
	GlobalSection(SolutionConfigurationPlatforms) = preSolution
		Debug|Any CPU = Debug|Any CPU
		Debug|x64 = Debug|x64
		Debug|x86 = Debug|x86
		Release|Any CPU = Release|Any CPU
		Release|x64 = Release|x64
		Release|x86 = Release|x86
	EndGlobalSection
	GlobalSection(ProjectConfigurationPlatforms) = postSolution
		{D7970171-72C1-43C2-BE52-96799C3FB5A1}.Debug|Any CPU.ActiveCfg = Debug|Any CPU
		{D7970171-72C1-43C2-BE52-96799C3FB5A1}.Debug|Any CPU.Build.0 = Debug|Any CPU
		{D7970171-72C1-43C2-BE52-96799C3FB5A1}.Debug|x64.ActiveCfg = Debug|Any CPU
		{D7970171-72C1-43C2-BE52-96799C3FB5A1}.Debug|x64.Build.0 = Debug|Any CPU
		{D7970171-72C1-43C2-BE52-96799C3FB5A1}.Debug|x86.ActiveCfg = Debug|Any CPU
		{D7970171-72C1-43C2-BE52-96799C3FB5A1}.Debug|x86.Build.0 = Debug|Any CPU
		{D7970171-72C1-43C2-BE52-96799C3FB5A1}.Release|Any CPU.ActiveCfg = Release|Any CPU
		{D7970171-72C1-43C2-BE52-96799C3FB5A1}.Release|Any CPU.Build.0 = Release|Any CPU
		{D7970171-72C1-43C2-BE52-96799C3FB5A1}.Release|x64.ActiveCfg = Release|Any CPU
		{D7970171-72C1-43C2-BE52-96799C3FB5A1}.Release|x64.Build.0 = Release|Any CPU
		{D7970171-72C1-43C2-BE52-96799C3FB5A1}.Release|x86.ActiveCfg = Release|Any CPU
		{D7970171-72C1-43C2-BE52-96799C3FB5A1}.Release|x86.Build.0 = Release|Any CPU
		{994A0268-8705-483B-B13B-83EE33705F0A}.Debug|Any CPU.ActiveCfg = Debug|Any CPU
		{994A0268-8705-483B-B13B-83EE33705F0A}.Debug|Any CPU.Build.0 = Debug|Any CPU
		{994A0268-8705-483B-B13B-83EE33705F0A}.Debug|x64.ActiveCfg = Debug|Any CPU
		{994A0268-8705-483B-B13B-83EE33705F0A}.Debug|x64.Build.0 = Debug|Any CPU
		{994A0268-8705-483B-B13B-83EE33705F0A}.Debug|x86.ActiveCfg = Debug|Any CPU
		{994A0268-8705-483B-B13B-83EE33705F0A}.Debug|x86.Build.0 = Debug|Any CPU
		{994A0268-8705-483B-B13B-83EE33705F0A}.Release|Any CPU.ActiveCfg = Release|Any CPU
		{994A0268-8705-483B-B13B-83EE33705F0A}.Release|Any CPU.Build.0 = Release|Any CPU
		{994A0268-8705-483B-B13B-83EE33705F0A}.Release|x64.ActiveCfg = Release|Any CPU
		{994A0268-8705-483B-B13B-83EE33705F0A}.Release|x64.Build.0 = Release|Any CPU
		{994A0268-8705-483B-B13B-83EE33705F0A}.Release|x86.ActiveCfg = Release|Any CPU
		{994A0268-8705-483B-B13B-83EE33705F0A}.Release|x86.Build.0 = Release|Any CPU
		{01EA9E86-FE30-4A53-8331-1B555F2ED231}.Debug|Any CPU.ActiveCfg = Debug|Any CPU
		{01EA9E86-FE30-4A53-8331-1B555F2ED231}.Debug|Any CPU.Build.0 = Debug|Any CPU
		{01EA9E86-FE30-4A53-8331-1B555F2ED231}.Debug|x64.ActiveCfg = Debug|Any CPU
		{01EA9E86-FE30-4A53-8331-1B555F2ED231}.Debug|x64.Build.0 = Debug|Any CPU
		{01EA9E86-FE30-4A53-8331-1B555F2ED231}.Debug|x86.ActiveCfg = Debug|Any CPU
		{01EA9E86-FE30-4A53-8331-1B555F2ED231}.Debug|x86.Build.0 = Debug|Any CPU
		{01EA9E86-FE30-4A53-8331-1B555F2ED231}.Release|Any CPU.ActiveCfg = Release|Any CPU
		{01EA9E86-FE30-4A53-8331-1B555F2ED231}.Release|Any CPU.Build.0 = Release|Any CPU
		{01EA9E86-FE30-4A53-8331-1B555F2ED231}.Release|x64.ActiveCfg = Release|Any CPU
		{01EA9E86-FE30-4A53-8331-1B555F2ED231}.Release|x64.Build.0 = Release|Any CPU
		{01EA9E86-FE30-4A53-8331-1B555F2ED231}.Release|x86.ActiveCfg = Release|Any CPU
		{01EA9E86-FE30-4A53-8331-1B555F2ED231}.Release|x86.Build.0 = Release|Any CPU
		{F82A59D6-56D0-4CDB-97DF-F72D4D4954A9}.Debug|Any CPU.ActiveCfg = Debug|Any CPU
		{F82A59D6-56D0-4CDB-97DF-F72D4D4954A9}.Debug|Any CPU.Build.0 = Debug|Any CPU
		{F82A59D6-56D0-4CDB-97DF-F72D4D4954A9}.Debug|x64.ActiveCfg = Debug|Any CPU
		{F82A59D6-56D0-4CDB-97DF-F72D4D4954A9}.Debug|x64.Build.0 = Debug|Any CPU
		{F82A59D6-56D0-4CDB-97DF-F72D4D4954A9}.Debug|x86.ActiveCfg = Debug|Any CPU
		{F82A59D6-56D0-4CDB-97DF-F72D4D4954A9}.Debug|x86.Build.0 = Debug|Any CPU
		{F82A59D6-56D0-4CDB-97DF-F72D4D4954A9}.Release|Any CPU.ActiveCfg = Release|Any CPU
		{F82A59D6-56D0-4CDB-97DF-F72D4D4954A9}.Release|Any CPU.Build.0 = Release|Any CPU
		{F82A59D6-56D0-4CDB-97DF-F72D4D4954A9}.Release|x64.ActiveCfg = Release|Any CPU
		{F82A59D6-56D0-4CDB-97DF-F72D4D4954A9}.Release|x64.Build.0 = Release|Any CPU
		{F82A59D6-56D0-4CDB-97DF-F72D4D4954A9}.Release|x86.ActiveCfg = Release|Any CPU
		{F82A59D6-56D0-4CDB-97DF-F72D4D4954A9}.Release|x86.Build.0 = Release|Any CPU
		{2BBDCEC0-8EC3-4E12-B8BB-C2CD9A9246DE}.Debug|Any CPU.ActiveCfg = Debug|Any CPU
		{2BBDCEC0-8EC3-4E12-B8BB-C2CD9A9246DE}.Debug|Any CPU.Build.0 = Debug|Any CPU
		{2BBDCEC0-8EC3-4E12-B8BB-C2CD9A9246DE}.Debug|x64.ActiveCfg = Debug|Any CPU
		{2BBDCEC0-8EC3-4E12-B8BB-C2CD9A9246DE}.Debug|x64.Build.0 = Debug|Any CPU
		{2BBDCEC0-8EC3-4E12-B8BB-C2CD9A9246DE}.Debug|x86.ActiveCfg = Debug|Any CPU
		{2BBDCEC0-8EC3-4E12-B8BB-C2CD9A9246DE}.Debug|x86.Build.0 = Debug|Any CPU
		{2BBDCEC0-8EC3-4E12-B8BB-C2CD9A9246DE}.Release|Any CPU.ActiveCfg = Release|Any CPU
		{2BBDCEC0-8EC3-4E12-B8BB-C2CD9A9246DE}.Release|Any CPU.Build.0 = Release|Any CPU
		{2BBDCEC0-8EC3-4E12-B8BB-C2CD9A9246DE}.Release|x64.ActiveCfg = Release|Any CPU
		{2BBDCEC0-8EC3-4E12-B8BB-C2CD9A9246DE}.Release|x64.Build.0 = Release|Any CPU
		{2BBDCEC0-8EC3-4E12-B8BB-C2CD9A9246DE}.Release|x86.ActiveCfg = Release|Any CPU
		{2BBDCEC0-8EC3-4E12-B8BB-C2CD9A9246DE}.Release|x86.Build.0 = Release|Any CPU
	EndGlobalSection
	GlobalSection(SolutionProperties) = preSolution
		HideSolutionNode = FALSE
	EndGlobalSection
	GlobalSection(NestedProjects) = preSolution
		{D7970171-72C1-43C2-BE52-96799C3FB5A1} = {827E0CD3-B72D-47B6-A68D-7590B98EB39B}
		{994A0268-8705-483B-B13B-83EE33705F0A} = {827E0CD3-B72D-47B6-A68D-7590B98EB39B}
		{01EA9E86-FE30-4A53-8331-1B555F2ED231} = {827E0CD3-B72D-47B6-A68D-7590B98EB39B}
		{F82A59D6-56D0-4CDB-97DF-F72D4D4954A9} = {827E0CD3-B72D-47B6-A68D-7590B98EB39B}
		{2BBDCEC0-8EC3-4E12-B8BB-C2CD9A9246DE} = {827E0CD3-B72D-47B6-A68D-7590B98EB39B}
	EndGlobalSection
EndGlobal
