
Microsoft Visual Studio Solution File, Format Version 12.00
# Visual Studio Version 16
VisualStudioVersion = 16.0.30114.105
MinimumVisualStudioVersion = 10.0.40219.1
Project("{FAE04EC0-301F-11D3-BF4B-00C04F79EFBC}") = "RubberDev.Api", "RubberDev.Api\RubberDev.Api.csproj", "{7C48A175-A9D4-4DD6-A875-80A585091899}"
EndProject
Project("{FAE04EC0-301F-11D3-BF4B-00C04F79EFBC}") = "RubberDev.Models", "RubberDev.Models\RubberDev.Models.csproj", "{93E37F84-BA87-4132-8F6F-2CB8E01A12BD}"
EndProject
Project("{FAE04EC0-301F-11D3-BF4B-00C04F79EFBC}") = "RubberDev.Brokers", "RubberDev.Brokers\RubberDev.Brokers.csproj", "{31D39F8F-0706-4DD6-8A80-1271152E6972}"
EndProject
Project("{FAE04EC0-301F-11D3-BF4B-00C04F79EFBC}") = "RubberDev.Services", "RubberDev.Services\RubberDev.Services.csproj", "{AB7C7D35-61CA-490B-BC1D-B3E08DA9F367}"
EndProject
Project("{FAE04EC0-301F-11D3-BF4B-00C04F79EFBC}") = "RubberDev.Infrastructure", "RubberDev.Infrastructure\RubberDev.Infrastructure.csproj", "{1958D5DA-81DA-4DF6-AA36-61DABD8607D1}"
EndProject
Project("{FAE04EC0-301F-11D3-BF4B-00C04F79EFBC}") = "RubberDev.Tests", "RubberDev.Tests\RubberDev.Tests.csproj", "{ECB5086F-CE76-4B27-A29E-2C4F9C170AC2}"
EndProject
Global
	GlobalSection(SolutionConfigurationPlatforms) = preSolution
		Debug|Any CPU = Debug|Any CPU
		Release|Any CPU = Release|Any CPU
	EndGlobalSection
	GlobalSection(SolutionProperties) = preSolution
		HideSolutionNode = FALSE
	EndGlobalSection
	GlobalSection(ProjectConfigurationPlatforms) = postSolution
		{7C48A175-A9D4-4DD6-A875-80A585091899}.Debug|Any CPU.ActiveCfg = Debug|Any CPU
		{7C48A175-A9D4-4DD6-A875-80A585091899}.Debug|Any CPU.Build.0 = Debug|Any CPU
		{7C48A175-A9D4-4DD6-A875-80A585091899}.Release|Any CPU.ActiveCfg = Release|Any CPU
		{7C48A175-A9D4-4DD6-A875-80A585091899}.Release|Any CPU.Build.0 = Release|Any CPU
		{93E37F84-BA87-4132-8F6F-2CB8E01A12BD}.Debug|Any CPU.ActiveCfg = Debug|Any CPU
		{93E37F84-BA87-4132-8F6F-2CB8E01A12BD}.Debug|Any CPU.Build.0 = Debug|Any CPU
		{93E37F84-BA87-4132-8F6F-2CB8E01A12BD}.Release|Any CPU.ActiveCfg = Release|Any CPU
		{93E37F84-BA87-4132-8F6F-2CB8E01A12BD}.Release|Any CPU.Build.0 = Release|Any CPU
		{31D39F8F-0706-4DD6-8A80-1271152E6972}.Debug|Any CPU.ActiveCfg = Debug|Any CPU
		{31D39F8F-0706-4DD6-8A80-1271152E6972}.Debug|Any CPU.Build.0 = Debug|Any CPU
		{31D39F8F-0706-4DD6-8A80-1271152E6972}.Release|Any CPU.ActiveCfg = Release|Any CPU
		{31D39F8F-0706-4DD6-8A80-1271152E6972}.Release|Any CPU.Build.0 = Release|Any CPU
		{AB7C7D35-61CA-490B-BC1D-B3E08DA9F367}.Debug|Any CPU.ActiveCfg = Debug|Any CPU
		{AB7C7D35-61CA-490B-BC1D-B3E08DA9F367}.Debug|Any CPU.Build.0 = Debug|Any CPU
		{AB7C7D35-61CA-490B-BC1D-B3E08DA9F367}.Release|Any CPU.ActiveCfg = Release|Any CPU
		{AB7C7D35-61CA-490B-BC1D-B3E08DA9F367}.Release|Any CPU.Build.0 = Release|Any CPU
		{1958D5DA-81DA-4DF6-AA36-61DABD8607D1}.Debug|Any CPU.ActiveCfg = Debug|Any CPU
		{1958D5DA-81DA-4DF6-AA36-61DABD8607D1}.Debug|Any CPU.Build.0 = Debug|Any CPU
		{1958D5DA-81DA-4DF6-AA36-61DABD8607D1}.Release|Any CPU.ActiveCfg = Release|Any CPU
		{1958D5DA-81DA-4DF6-AA36-61DABD8607D1}.Release|Any CPU.Build.0 = Release|Any CPU
		{ECB5086F-CE76-4B27-A29E-2C4F9C170AC2}.Debug|Any CPU.ActiveCfg = Debug|Any CPU
		{ECB5086F-CE76-4B27-A29E-2C4F9C170AC2}.Debug|Any CPU.Build.0 = Debug|Any CPU
		{ECB5086F-CE76-4B27-A29E-2C4F9C170AC2}.Release|Any CPU.ActiveCfg = Release|Any CPU
		{ECB5086F-CE76-4B27-A29E-2C4F9C170AC2}.Release|Any CPU.Build.0 = Release|Any CPU
	EndGlobalSection
EndGlobal
